{
  "version": 1,
  "dependencies": {
    "net10.0": {
      "Microsoft.NET.Test.Sdk": {
        "type": "Direct",
        "requested": "[17.11.1, )",
        "resolved": "17.11.1",
        "contentHash": "U3Ty4BaGoEu+T2bwSko9tWqWUOU16WzSFkq6U8zve75oRBMSLTBdMAZrVNNz1Tq12aCdDom9fcOcM9QZaFHqFg==",
        "dependencies": {
          "Microsoft.CodeCoverage": "17.11.1",
          "Microsoft.TestPlatform.TestHost": "17.11.1"
        }
      },
      "xunit": {
        "type": "Direct",
        "requested": "[2.9.3, )",
        "resolved": "2.9.3",
        "contentHash": "TlXQBinK35LpOPKHAqbLY4xlEen9TBafjs0V5KnA4wZsoQLQJiirCR4CbIXvOH8NzkW4YeJKP5P/Bnrodm0h9Q==",
        "dependencies": {
          "xunit.analyzers": "1.18.0",
          "xunit.assert": "2.9.3",
          "xunit.core": "[2.9.3]"
        }
      },
      "xunit.runner.visualstudio": {
        "type": "Direct",
        "requested": "[2.8.2, )",
        "resolved": "2.8.2",
        "contentHash": "vm1tbfXhFmjFMUmS4M0J0ASXz3/U5XvXBa6DOQUL3fEz4Vt6YPhv+ESCarx6M6D+9kJkJYZKCNvJMas1+nVfmQ=="
      },
      "AWSSDK.Core": {
        "type": "Transitive",
        "resolved": "4.0.102.4",
        "contentHash": "cFMZnb05RV290HDdybtgR5b/ypkLekeaoHde4tiQHLmgegGLMmcEKsvThnLm1PJOeWSNFcBxzC5fomOvWiW24A=="
      },
      "AWSSDK.S3": {
        "type": "Transitive",
        "resolved": "4.0.103.2",
        "contentHash": "VxDdP8hN/rDSnvPicqu4p0sIez6PackYaIxsnHUJLAMiumExgbiTSI8jvyqVFFIgeRjOlJGti/AH5kgO2An7OQ==",
        "dependencies": {
          "AWSSDK.Core": "[4.0.102.4, 5.0.0)"
        }
      },
      "Humanizer.Core": {
        "type": "Transitive",
        "resolved": "3.0.10",
        "contentHash": "yZIhtw8sYuvsONzQbZxWpR60tMWYHXoo0DL6nyOqSFiU5POjBTSEyWFpTQtJEZuy+oqiYTXKXY/Mjx7KnqIQFw=="
      },
      "Json.More.Net": {
        "type": "Transitive",
        "resolved": "3.0.1",
        "contentHash": "fRctF2J2SILYG6wqP21drmeEODmCVkVQ/b3MndDu2fT1swfySyUgq7ePCk+aENGlDcIm05fyfjh9vcuqDEfv3w=="
      },
      "JsonPointer.Net": {
        "type": "Transitive",
        "resolved": "7.0.2",
        "contentHash": "oClYHv2ooeRrtPZyC9sb/Za/ie5pGhjTbNHlAyFg4XOCyU+606FdoZKS7UdaWvtsPlrF+U2w0Ja3TRvn5+spyA==",
        "dependencies": {
          "Humanizer.Core": "3.0.10",
          "Json.More.Net": "3.0.1"
        }
      },
      "JsonSchema.Net": {
        "type": "Transitive",
        "resolved": "9.4.0",
        "contentHash": "muE4nPuzbD9x5XA1mkXJNqX4mhz47oF3EY8qFLY1pyUY7lhXFKq65t/dSKIHeNSLBV17zwZuq24MD1em90rMNg==",
        "dependencies": {
          "JsonPointer.Net": "7.0.2"
        }
      },
      "Microsoft.CodeCoverage": {
        "type": "Transitive",
        "resolved": "17.11.1",
        "contentHash": "nPJqrcA5iX+Y0kqoT3a+pD/8lrW/V7ayqnEJQsTonSoPz59J8bmoQhcSN4G8+UJ64Hkuf0zuxnfuj2lkHOq4cA=="
      },
      "Microsoft.Extensions.DependencyInjection.Abstractions": {
        "type": "Transitive",
        "resolved": "8.0.0",
        "contentHash": "cjWrLkJXK0rs4zofsK4bSdg+jhDLTaxrkXu4gS6Y7MAlCvRyNNgwY/lJi5RDlQOnSZweHqoyvgvbdvQsRIW+hg=="
      },
      "Microsoft.Extensions.Logging.Abstractions": {
        "type": "Transitive",
        "resolved": "8.0.0",
        "contentHash": "arDBqTgFCyS0EvRV7O3MZturChstm50OJ0y9bDJvAcmEPJm0FFpFyjU/JLYyStNGGey081DvnQYlncNX5SJJGA==",
        "dependencies": {
          "Microsoft.Extensions.DependencyInjection.Abstractions": "8.0.0"
        }
      },
      "Microsoft.TestPlatform.ObjectModel": {
        "type": "Transitive",
        "resolved": "17.11.1",
        "contentHash": "E2jZqAU6JeWEVsyOEOrSW1o1bpHLgb25ypvKNB/moBXPVsFYBPd/Jwi7OrYahG50J83LfHzezYI+GaEkpAotiA=="
      },
      "Microsoft.TestPlatform.TestHost": {
        "type": "Transitive",
        "resolved": "17.11.1",
        "contentHash": "DnG+GOqJXO/CkoqlJWeDFTgPhqD/V6VqUIL3vINizCWZ3X+HshCtbbyDdSHQQEjrc2Sl/K3yaxX6s+5LFEdYuw==",
        "dependencies": {
          "Microsoft.TestPlatform.ObjectModel": "17.11.1",
          "Newtonsoft.Json": "13.0.1"
        }
      },
      "Newtonsoft.Json": {
        "type": "Transitive",
        "resolved": "13.0.1",
        "contentHash": "ppPFpBcvxdsfUonNcvITKqLl3bqxWbDCZIzDWHzjpdAHRFfZe0Dw9HmA0+za13IdyrgJwpkDTDA9fHaxOrt20A=="
      },
      "Npgsql": {
        "type": "Transitive",
        "resolved": "8.0.8",
        "contentHash": "1g7tA1easureueqyS5SqJtojI7FwEdw50UYTh0l576iWZNnyRyAVfFi1bJp4BzO8IwYodP8YCRp6ThNQvvBn8A==",
        "dependencies": {
          "Microsoft.Extensions.Logging.Abstractions": "8.0.0"
        }
      },
      "xunit.abstractions": {
        "type": "Transitive",
        "resolved": "2.0.3",
        "contentHash": "pot1I4YOxlWjIb5jmwvvQNbTrZ3lJQ+jUGkGjWE3hEFM0l5gOnBWS+H3qsex68s5cO52g+44vpGzhAt+42vwKg=="
      },
      "xunit.analyzers": {
        "type": "Transitive",
        "resolved": "1.18.0",
        "contentHash": "OtFMHN8yqIcYP9wcVIgJrq01AfTxijjAqVDy/WeQVSyrDC1RzBWeQPztL49DN2syXRah8TYnfvk035s7L95EZQ=="
      },
      "xunit.assert": {
        "type": "Transitive",
        "resolved": "2.9.3",
        "contentHash": "/Kq28fCE7MjOV42YLVRAJzRF0WmEqsmflm0cfpMjGtzQ2lR5mYVj1/i0Y8uDAOLczkL3/jArrwehfMD0YogMAA=="
      },
      "xunit.core": {
        "type": "Transitive",
        "resolved": "2.9.3",
        "contentHash": "BiAEvqGvyme19wE0wTKdADH+NloYqikiU0mcnmiNyXaF9HyHmE6sr/3DC5vnBkgsWaE6yPyWszKSPSApWdRVeQ==",
        "dependencies": {
          "xunit.extensibility.core": "[2.9.3]",
          "xunit.extensibility.execution": "[2.9.3]"
        }
      },
      "xunit.extensibility.core": {
        "type": "Transitive",
        "resolved": "2.9.3",
        "contentHash": "kf3si0YTn2a8J8eZNb+zFpwfoyvIrQ7ivNk5ZYA5yuYk1bEtMe4DxJ2CF/qsRgmEnDr7MnW1mxylBaHTZ4qErA==",
        "dependencies": {
          "xunit.abstractions": "2.0.3"
        }
      },
      "xunit.extensibility.execution": {
        "type": "Transitive",
        "resolved": "2.9.3",
        "contentHash": "yMb6vMESlSrE3Wfj7V6cjQ3S4TXdXpRqYeNEI3zsX31uTsGMJjEw6oD5F5u1cHnMptjhEECnmZSsPxB6ChZHDQ==",
        "dependencies": {
          "xunit.extensibility.core": "[2.9.3]"
        }
      },
      "quality.domain": {
        "type": "Project"
      },
      "quality.orchestrator": {
        "type": "Project",
        "dependencies": {
          "AWSSDK.S3": "[4.0.103.2, )",
          "JsonSchema.Net": "[9.4.0, )",
          "Quality.Domain": "[1.0.0, )"
        }
      },
      "quality.persistence": {
        "type": "Project",
        "dependencies": {
          "Npgsql": "[8.0.8, )",
          "Quality.Domain": "[1.0.0, )",
          "Quality.Orchestrator": "[1.0.0, )"
        }
      }
    }
  }
}