{
  "version": 1,
  "dependencies": {
    "net10.0": {
      "AWSSDK.S3": {
        "type": "Direct",
        "requested": "[4.0.103.2, )",
        "resolved": "4.0.103.2",
        "contentHash": "VxDdP8hN/rDSnvPicqu4p0sIez6PackYaIxsnHUJLAMiumExgbiTSI8jvyqVFFIgeRjOlJGti/AH5kgO2An7OQ==",
        "dependencies": {
          "AWSSDK.Core": "[4.0.102.4, 5.0.0)"
        }
      },
      "JsonSchema.Net": {
        "type": "Direct",
        "requested": "[9.4.0, )",
        "resolved": "9.4.0",
        "contentHash": "muE4nPuzbD9x5XA1mkXJNqX4mhz47oF3EY8qFLY1pyUY7lhXFKq65t/dSKIHeNSLBV17zwZuq24MD1em90rMNg==",
        "dependencies": {
          "JsonPointer.Net": "7.0.2"
        }
      },
      "AWSSDK.Core": {
        "type": "Transitive",
        "resolved": "4.0.102.4",
        "contentHash": "cFMZnb05RV290HDdybtgR5b/ypkLekeaoHde4tiQHLmgegGLMmcEKsvThnLm1PJOeWSNFcBxzC5fomOvWiW24A=="
      },
      "Humanizer.Core": {
        "type": "Transitive",
        "resolved": "3.0.10",
        "contentHash": "yZIhtw8sYuvsONzQbZxWpR60tMWYHXoo0DL6nyOqSFiU5POjBTSEyWFpTQtJEZuy+oqiYTXKXY/Mjx7KnqIQFw=="
      },
      "Json.More.Net": {
        "type": "Transitive",
        "resolved": "3.0.1",
        "contentHash": "fRctF2J2SILYG6wqP21drmeEODmCVkVQ/b3MndDu2fT1swfySyUgq7ePCk+aENGlDcIm05fyfjh9vcuqDEfv3w=="
      },
      "JsonPointer.Net": {
        "type": "Transitive",
        "resolved": "7.0.2",
        "contentHash": "oClYHv2ooeRrtPZyC9sb/Za/ie5pGhjTbNHlAyFg4XOCyU+606FdoZKS7UdaWvtsPlrF+U2w0Ja3TRvn5+spyA==",
        "dependencies": {
          "Humanizer.Core": "3.0.10",
          "Json.More.Net": "3.0.1"
        }
      },
      "quality.domain": {
        "type": "Project"
      }
    }
  }
}