{
  "version": 1,
  "dependencies": {
    "net10.0": {
      "Npgsql": {
        "type": "Direct",
        "requested": "[8.0.8, )",
        "resolved": "8.0.8",
        "contentHash": "1g7tA1easureueqyS5SqJtojI7FwEdw50UYTh0l576iWZNnyRyAVfFi1bJp4BzO8IwYodP8YCRp6ThNQvvBn8A==",
        "dependencies": {
          "Microsoft.Extensions.Logging.Abstractions": "8.0.0"
        }
      },
      "AWSSDK.Core": {
        "type": "Transitive",
        "resolved": "4.0.102.4",
        "contentHash": "cFMZnb05RV290HDdybtgR5b/ypkLekeaoHde4tiQHLmgegGLMmcEKsvThnLm1PJOeWSNFcBxzC5fomOvWiW24A=="
      },
      "AWSSDK.S3": {
        "type": "Transitive",
        "resolved": "4.0.103.2",
        "contentHash": "VxDdP8hN/rDSnvPicqu4p0sIez6PackYaIxsnHUJLAMiumExgbiTSI8jvyqVFFIgeRjOlJGti/AH5kgO2An7OQ==",
        "dependencies": {
          "AWSSDK.Core": "[4.0.102.4, 5.0.0)"
        }
      },
      "Humanizer.Core": {
        "type": "Transitive",
        "resolved": "3.0.10",
        "contentHash": "yZIhtw8sYuvsONzQbZxWpR60tMWYHXoo0DL6nyOqSFiU5POjBTSEyWFpTQtJEZuy+oqiYTXKXY/Mjx7KnqIQFw=="
      },
      "Json.More.Net": {
        "type": "Transitive",
        "resolved": "3.0.1",
        "contentHash": "fRctF2J2SILYG6wqP21drmeEODmCVkVQ/b3MndDu2fT1swfySyUgq7ePCk+aENGlDcIm05fyfjh9vcuqDEfv3w=="
      },
      "JsonPointer.Net": {
        "type": "Transitive",
        "resolved": "7.0.2",
        "contentHash": "oClYHv2ooeRrtPZyC9sb/Za/ie5pGhjTbNHlAyFg4XOCyU+606FdoZKS7UdaWvtsPlrF+U2w0Ja3TRvn5+spyA==",
        "dependencies": {
          "Humanizer.Core": "3.0.10",
          "Json.More.Net": "3.0.1"
        }
      },
      "JsonSchema.Net": {
        "type": "Transitive",
        "resolved": "9.4.0",
        "contentHash": "muE4nPuzbD9x5XA1mkXJNqX4mhz47oF3EY8qFLY1pyUY7lhXFKq65t/dSKIHeNSLBV17zwZuq24MD1em90rMNg==",
        "dependencies": {
          "JsonPointer.Net": "7.0.2"
        }
      },
      "Microsoft.Extensions.DependencyInjection.Abstractions": {
        "type": "Transitive",
        "resolved": "8.0.0",
        "contentHash": "cjWrLkJXK0rs4zofsK4bSdg+jhDLTaxrkXu4gS6Y7MAlCvRyNNgwY/lJi5RDlQOnSZweHqoyvgvbdvQsRIW+hg=="
      },
      "Microsoft.Extensions.Logging.Abstractions": {
        "type": "Transitive",
        "resolved": "8.0.0",
        "contentHash": "arDBqTgFCyS0EvRV7O3MZturChstm50OJ0y9bDJvAcmEPJm0FFpFyjU/JLYyStNGGey081DvnQYlncNX5SJJGA==",
        "dependencies": {
          "Microsoft.Extensions.DependencyInjection.Abstractions": "8.0.0"
        }
      },
      "quality.domain": {
        "type": "Project"
      },
      "quality.orchestrator": {
        "type": "Project",
        "dependencies": {
          "AWSSDK.S3": "[4.0.103.2, )",
          "JsonSchema.Net": "[9.4.0, )",
          "Quality.Domain": "[1.0.0, )"
        }
      }
    }
  }
}